
Microsoft Visual Studio Solution File, Format Version 12.00
# Visual Studio Version 16
VisualStudioVersion = 16.0.30621.155
MinimumVisualStudioVersion = 10.0.40219.1
Project("{FAE04EC0-301F-11D3-BF4B-00C04F79EFBC}") = "messagebox hydra", "messagebox hydra.csproj", "{F7CA0591-F6AE-4136-9A14-25FF68DE0960}"
EndProject
Global
	GlobalSection(SolutionConfigurationPlatforms) = preSolution
		Debug|Any CPU = Debug|Any CPU
		Release|Any CPU = Release|Any CPU
	EndGlobalSection
	GlobalSection(ProjectConfigurationPlatforms) = postSolution
		{F7CA0591-F6AE-4136-9A14-25FF68DE0960}.Debug|Any CPU.ActiveCfg = Debug|Any CPU
		{F7CA0591-F6AE-4136-9A14-25FF68DE0960}.Debug|Any CPU.Build.0 = Debug|Any CPU
		{F7CA0591-F6AE-4136-9A14-25FF68DE0960}.Release|Any CPU.ActiveCfg = Release|Any CPU
		{F7CA0591-F6AE-4136-9A14-25FF68DE0960}.Release|Any CPU.Build.0 = Release|Any CPU
	EndGlobalSection
	GlobalSection(SolutionProperties) = preSolution
		HideSolutionNode = FALSE
	EndGlobalSection
	GlobalSection(ExtensibilityGlobals) = postSolution
		SolutionGuid = {4F284FE9-1D21-415C-800D-537BF43010CF}
	EndGlobalSection
EndGlobal
